
Microsoft Visual Studio Solution File, Format Version 12.00
# Visual Studio Version 16
VisualStudioVersion = 16.0.30503.244
MinimumVisualStudioVersion = 10.0.40219.1
Project("{FAE04EC0-301F-11D3-BF4B-00C04F79EFBC}") = "DummySMTP", "DummySMTP\DummySMTP.csproj", "{07E7EB21-6280-44B2-9236-153C5713333F}"
EndProject
Global
	GlobalSection(SolutionConfigurationPlatforms) = preSolution
		Debug|Any CPU = Debug|Any CPU
		Release|Any CPU = Release|Any CPU
	EndGlobalSection
	GlobalSection(ProjectConfigurationPlatforms) = postSolution
		{07E7EB21-6280-44B2-9236-153C5713333F}.Debug|Any CPU.ActiveCfg = Debug|Any CPU
		{07E7EB21-6280-44B2-9236-153C5713333F}.Debug|Any CPU.Build.0 = Debug|Any CPU
		{07E7EB21-6280-44B2-9236-153C5713333F}.Release|Any CPU.ActiveCfg = Release|Any CPU
		{07E7EB21-6280-44B2-9236-153C5713333F}.Release|Any CPU.Build.0 = Release|Any CPU
	EndGlobalSection
	GlobalSection(SolutionProperties) = preSolution
		HideSolutionNode = FALSE
	EndGlobalSection
	GlobalSection(ExtensibilityGlobals) = postSolution
		SolutionGuid = {B1684F6E-C41B-47C3-A7B9-DA4673A48D8B}
	EndGlobalSection
EndGlobal
